// !$*UTF8*$!
{
	archiveVersion = 1;
	classes = {
	};
	objectVersion = 55;
	objects = {

/* Begin PBXBuildFile section */
		83DC72B82F0465B100AECBE1 /* AppDelegate.swift in Sources */ = {isa = PBXBuildFile; fileRef = 83DC72B72F0465B100AECBE1 /* AppDelegate.swift */; };
		83DC72BA2F0465B100AECBE1 /* GameViewController.swift in Sources */ = {isa = PBXBuildFile; fileRef = 83DC72B92F0465B100AECBE1 /* GameViewController.swift */; };
		83DC72CF2F046EBC00AECBE1 /* Assets.xcassets in Resources */ = {isa = PBXBuildFile; fileRef = 83DC72CE2F046EBC00AECBE1 /* Assets.xcassets */; };
		83DC72D32F0471DB00AECBE1 /* GameScene.swift in Sources */ = {isa = PBXBuildFile; fileRef = 83DC72D22F0471DB00AECBE1 /* GameScene.swift */; };
		83DC72D52F04720000AECBE1 /* Player.swift in Sources */ = {isa = PBXBuildFile; fileRef = 83DC72D42F04720000AECBE1 /* Player.swift */; };
		83DC72D72F04721A00AECBE1 /* Enemy.swift in Sources */ = {isa = PBXBuildFile; fileRef = 83DC72D62F04721A00AECBE1 /* Enemy.swift */; };
		83DC72D92F04722B00AECBE1 /* SpawnManager.swift in Sources */ = {isa = PBXBuildFile; fileRef = 83DC72D82F04722B00AECBE1 /* SpawnManager.swift */; };
		83DC72DF2F04897300AECBE1 /* PhysicsCategory.swift in Sources */ = {isa = PBXBuildFile; fileRef = 83DC72DE2F04897300AECBE1 /* PhysicsCategory.swift */; };
		83DC72E32F04A99600AECBE1 /* EnemyType.swift in Sources */ = {isa = PBXBuildFile; fileRef = 83DC72E22F04A99600AECBE1 /* EnemyType.swift */; };
		83DC72E62F04AF8300AECBE1 /* CGPointExtensions.swift in Sources */ = {isa = PBXBuildFile; fileRef = 83DC72E52F04AF8300AECBE1 /* CGPointExtensions.swift */; };
		83DC72E82F05CB5E00AECBE1 /* CGVectorExtensions.swift in Sources */ = {isa = PBXBuildFile; fileRef = 83DC72E72F05CB5E00AECBE1 /* CGVectorExtensions.swift */; };
		83DC72EA2F05DA9700AECBE1 /* LightCone.swift in Sources */ = {isa = PBXBuildFile; fileRef = 83DC72E92F05DA9700AECBE1 /* LightCone.swift */; };
		83DC72EC2F06001100AECBE1 /* PowerUp.swift in Sources */ = {isa = PBXBuildFile; fileRef = 83DC72EB2F06001100AECBE1 /* PowerUp.swift */; };
		83DC72EE2F06002600AECBE1 /* PowerUpType.swift in Sources */ = {isa = PBXBuildFile; fileRef = 83DC72ED2F06002600AECBE1 /* PowerUpType.swift */; };
		83DC72F02F06D60600AECBE1 /* SafeSpawnGenerator.swift in Sources */ = {isa = PBXBuildFile; fileRef = 83DC72EF2F06D60600AECBE1 /* SafeSpawnGenerator.swift */; };
		83DC72F22F06F5D500AECBE1 /* DifficultyManager.swift in Sources */ = {isa = PBXBuildFile; fileRef = 83DC72F12F06F5D500AECBE1 /* DifficultyManager.swift */; };
		83DC72F52F06F85200AECBE1 /* CollisionHandler.swift in Sources */ = {isa = PBXBuildFile; fileRef = 83DC72F42F06F85200AECBE1 /* CollisionHandler.swift */; };
		83DC72F72F06F85C00AECBE1 /* ScoreManager.swift in Sources */ = {isa = PBXBuildFile; fileRef = 83DC72F62F06F85C00AECBE1 /* ScoreManager.swift */; };
		83DC72FB2F06F93D00AECBE1 /* EasyEnemy.swift in Sources */ = {isa = PBXBuildFile; fileRef = 83DC72FA2F06F93D00AECBE1 /* EasyEnemy.swift */; };
		83DC72FE2F07250800AECBE1 /* DebugDrawer.swift in Sources */ = {isa = PBXBuildFile; fileRef = 83DC72FD2F07250800AECBE1 /* DebugDrawer.swift */; };
		83DC73002F0745F300AECBE1 /* PowerUpManager.swift in Sources */ = {isa = PBXBuildFile; fileRef = 83DC72FF2F0745F300AECBE1 /* PowerUpManager.swift */; };
		83DC73022F07499600AECBE1 /* MovementStyle.swift in Sources */ = {isa = PBXBuildFile; fileRef = 83DC73012F07499600AECBE1 /* MovementStyle.swift */; };
		83DC73042F074A8200AECBE1 /* HardEnemy.swift in Sources */ = {isa = PBXBuildFile; fileRef = 83DC73032F074A8200AECBE1 /* HardEnemy.swift */; };
		83DC73072F0820E200AECBE1 /* ConeZone.swift in Sources */ = {isa = PBXBuildFile; fileRef = 83DC73062F0820E200AECBE1 /* ConeZone.swift */; };
		83DC73092F0820EC00AECBE1 /* ConeZoneConfig.swift in Sources */ = {isa = PBXBuildFile; fileRef = 83DC73082F0820EC00AECBE1 /* ConeZoneConfig.swift */; };
		83DC730B2F088D1900AECBE1 /* HealthBar.swift in Sources */ = {isa = PBXBuildFile; fileRef = 83DC730A2F088D1900AECBE1 /* HealthBar.swift */; };
		83DC730E2F098E9D00AECBE1 /* MovementManager.swift in Sources */ = {isa = PBXBuildFile; fileRef = 83DC730D2F098E9D00AECBE1 /* MovementManager.swift */; };
/* End PBXBuildFile section */

/* Begin PBXFileReference section */
		83DC72B42F0465B100AECBE1 /* LightVsDark.app */ = {isa = PBXFileReference; explicitFileType = wrapper.application; includeInIndex = 0; path = LightVsDark.app; sourceTree = BUILT_PRODUCTS_DIR; };
		83DC72B72F0465B100AECBE1 /* AppDelegate.swift */ = {isa = PBXFileReference; lastKnownFileType = sourcecode.swift; path = AppDelegate.swift; sourceTree = "<group>"; };
		83DC72B92F0465B100AECBE1 /* GameViewController.swift */ = {isa = PBXFileReference; lastKnownFileType = sourcecode.swift; path = GameViewController.swift; sourceTree = "<group>"; };
		83DC72CE2F046EBC00AECBE1 /* Assets.xcassets */ = {isa = PBXFileReference; lastKnownFileType = folder.assetcatalog; path = Assets.xcassets; sourceTree = "<group>"; };
		83DC72D22F0471DB00AECBE1 /* GameScene.swift */ = {isa = PBXFileReference; lastKnownFileType = sourcecode.swift; path = GameScene.swift; sourceTree = "<group>"; };
		83DC72D42F04720000AECBE1 /* Player.swift */ = {isa = PBXFileReference; lastKnownFileType = sourcecode.swift; path = Player.swift; sourceTree = "<group>"; };
		83DC72D62F04721A00AECBE1 /* Enemy.swift */ = {isa = PBXFileReference; lastKnownFileType = sourcecode.swift; path = Enemy.swift; sourceTree = "<group>"; };
		83DC72D82F04722B00AECBE1 /* SpawnManager.swift */ = {isa = PBXFileReference; lastKnownFileType = sourcecode.swift; path = SpawnManager.swift; sourceTree = "<group>"; };
		83DC72DA2F0477DA00AECBE1 /* .gitignore.xib */ = {isa = PBXFileReference; lastKnownFileType = file.xib; path = .gitignore.xib; sourceTree = "<group>"; };
		83DC72DE2F04897300AECBE1 /* PhysicsCategory.swift */ = {isa = PBXFileReference; lastKnownFileType = sourcecode.swift; path = PhysicsCategory.swift; sourceTree = "<group>"; };
		83DC72E22F04A99600AECBE1 /* EnemyType.swift */ = {isa = PBXFileReference; lastKnownFileType = sourcecode.swift; path = EnemyType.swift; sourceTree = "<group>"; };
		83DC72E52F04AF8300AECBE1 /* CGPointExtensions.swift */ = {isa = PBXFileReference; lastKnownFileType = sourcecode.swift; path = CGPointExtensions.swift; sourceTree = "<group>"; };
		83DC72E72F05CB5E00AECBE1 /* CGVectorExtensions.swift */ = {isa = PBXFileReference; lastKnownFileType = sourcecode.swift; path = CGVectorExtensions.swift; sourceTree = "<group>"; };
		83DC72E92F05DA9700AECBE1 /* LightCone.swift */ = {isa = PBXFileReference; lastKnownFileType = sourcecode.swift; path = LightCone.swift; sourceTree = "<group>"; };
		83DC72EB2F06001100AECBE1 /* PowerUp.swift */ = {isa = PBXFileReference; lastKnownFileType = sourcecode.swift; path = PowerUp.swift; sourceTree = "<group>"; };
		83DC72ED2F06002600AECBE1 /* PowerUpType.swift */ = {isa = PBXFileReference; lastKnownFileType = sourcecode.swift; path = PowerUpType.swift; sourceTree = "<group>"; };
		83DC72EF2F06D60600AECBE1 /* SafeSpawnGenerator.swift */ = {isa = PBXFileReference; lastKnownFileType = sourcecode.swift; path = SafeSpawnGenerator.swift; sourceTree = "<group>"; };
		83DC72F12F06F5D500AECBE1 /* DifficultyManager.swift */ = {isa = PBXFileReference; lastKnownFileType = sourcecode.swift; path = DifficultyManager.swift; sourceTree = "<group>"; };
		83DC72F42F06F85200AECBE1 /* CollisionHandler.swift */ = {isa = PBXFileReference; lastKnownFileType = sourcecode.swift; path = CollisionHandler.swift; sourceTree = "<group>"; };
		83DC72F62F06F85C00AECBE1 /* ScoreManager.swift */ = {isa = PBXFileReference; lastKnownFileType = sourcecode.swift; path = ScoreManager.swift; sourceTree = "<group>"; };
		83DC72FA2F06F93D00AECBE1 /* EasyEnemy.swift */ = {isa = PBXFileReference; lastKnownFileType = sourcecode.swift; path = EasyEnemy.swift; sourceTree = "<group>"; };
		83DC72FD2F07250800AECBE1 /* DebugDrawer.swift */ = {isa = PBXFileReference; lastKnownFileType = sourcecode.swift; path = DebugDrawer.swift; sourceTree = "<group>"; };
		83DC72FF2F0745F300AECBE1 /* PowerUpManager.swift */ = {isa = PBXFileReference; lastKnownFileType = sourcecode.swift; path = PowerUpManager.swift; sourceTree = "<group>"; };
		83DC73012F07499600AECBE1 /* MovementStyle.swift */ = {isa = PBXFileReference; lastKnownFileType = sourcecode.swift; path = MovementStyle.swift; sourceTree = "<group>"; };
		83DC73032F074A8200AECBE1 /* HardEnemy.swift */ = {isa = PBXFileReference; lastKnownFileType = sourcecode.swift; path = HardEnemy.swift; sourceTree = "<group>"; };
		83DC73062F0820E200AECBE1 /* ConeZone.swift */ = {isa = PBXFileReference; lastKnownFileType = sourcecode.swift; path = ConeZone.swift; sourceTree = "<group>"; };
		83DC73082F0820EC00AECBE1 /* ConeZoneConfig.swift */ = {isa = PBXFileReference; lastKnownFileType = sourcecode.swift; path = ConeZoneConfig.swift; sourceTree = "<group>"; };
		83DC730A2F088D1900AECBE1 /* HealthBar.swift */ = {isa = PBXFileReference; lastKnownFileType = sourcecode.swift; path = HealthBar.swift; sourceTree = "<group>"; };
		83DC730D2F098E9D00AECBE1 /* MovementManager.swift */ = {isa = PBXFileReference; lastKnownFileType = sourcecode.swift; path = MovementManager.swift; sourceTree = "<group>"; };
/* End PBXFileReference section */

/* Begin PBXFrameworksBuildPhase section */
		83DC72B12F0465B100AECBE1 /* Frameworks */ = {
			isa = PBXFrameworksBuildPhase;
			buildActionMask = 2147483647;
			files = (
			);
			runOnlyForDeploymentPostprocessing = 0;
		};
/* End PBXFrameworksBuildPhase section */

/* Begin PBXGroup section */
		83DC72A62F0465AE00AECBE1 = {
			isa = PBXGroup;
			children = (
				83DC72DA2F0477DA00AECBE1 /* .gitignore.xib */,
				83DC72B62F0465B100AECBE1 /* LightVsDark iOS */,
				83DC72FC2F0724EE00AECBE1 /* Debug */,
				83DC72E42F04AF7000AECBE1 /* Extensions */,
				83DC72CD2F046DEA00AECBE1 /* Utilities */,
				83DC72CC2F046DE200AECBE1 /* Managers */,
				83DC730C2F098DC500AECBE1 /* Movement */,
				83DC72CB2F046DDC00AECBE1 /* Nodes */,
				83DC72F32F06F82600AECBE1 /* Spawning */,
				83DC72CA2F046DD400AECBE1 /* Scenes */,
				83DC72F82F06F89000AECBE1 /* Handlers */,
				83DC72B52F0465B100AECBE1 /* Products */,
			);
			sourceTree = "<group>";
		};
		83DC72B52F0465B100AECBE1 /* Products */ = {
			isa = PBXGroup;
			children = (
				83DC72B42F0465B100AECBE1 /* LightVsDark.app */,
			);
			name = Products;
			sourceTree = "<group>";
		};
		83DC72B62F0465B100AECBE1 /* LightVsDark iOS */ = {
			isa = PBXGroup;
			children = (
				83DC72B72F0465B100AECBE1 /* AppDelegate.swift */,
				83DC72B92F0465B100AECBE1 /* GameViewController.swift */,
				83DC72CE2F046EBC00AECBE1 /* Assets.xcassets */,
			);
			path = "LightVsDark iOS";
			sourceTree = "<group>";
		};
		83DC72CA2F046DD400AECBE1 /* Scenes */ = {
			isa = PBXGroup;
			children = (
				83DC72D22F0471DB00AECBE1 /* GameScene.swift */,
			);
			path = Scenes;
			sourceTree = "<group>";
		};
		83DC72CB2F046DDC00AECBE1 /* Nodes */ = {
			isa = PBXGroup;
			children = (
				83DC73052F0820C900AECBE1 /* Cone */,
				83DC72F92F06F92800AECBE1 /* Enemies */,
				83DC72D42F04720000AECBE1 /* Player.swift */,
				83DC72EB2F06001100AECBE1 /* PowerUp.swift */,
				83DC730A2F088D1900AECBE1 /* HealthBar.swift */,
			);
			path = Nodes;
			sourceTree = "<group>";
		};
		83DC72CC2F046DE200AECBE1 /* Managers */ = {
			isa = PBXGroup;
			children = (
				83DC72D82F04722B00AECBE1 /* SpawnManager.swift */,
				83DC72F12F06F5D500AECBE1 /* DifficultyManager.swift */,
				83DC72F62F06F85C00AECBE1 /* ScoreManager.swift */,
				83DC72FF2F0745F300AECBE1 /* PowerUpManager.swift */,
			);
			path = Managers;
			sourceTree = "<group>";
		};
		83DC72CD2F046DEA00AECBE1 /* Utilities */ = {
			isa = PBXGroup;
			children = (
				83DC72DE2F04897300AECBE1 /* PhysicsCategory.swift */,
				83DC72ED2F06002600AECBE1 /* PowerUpType.swift */,
			);
			path = Utilities;
			sourceTree = "<group>";
		};
		83DC72E42F04AF7000AECBE1 /* Extensions */ = {
			isa = PBXGroup;
			children = (
				83DC72E52F04AF8300AECBE1 /* CGPointExtensions.swift */,
				83DC72E72F05CB5E00AECBE1 /* CGVectorExtensions.swift */,
			);
			path = Extensions;
			sourceTree = "<group>";
		};
		83DC72F32F06F82600AECBE1 /* Spawning */ = {
			isa = PBXGroup;
			children = (
				83DC72EF2F06D60600AECBE1 /* SafeSpawnGenerator.swift */,
			);
			path = Spawning;
			sourceTree = "<group>";
		};
		83DC72F82F06F89000AECBE1 /* Handlers */ = {
			isa = PBXGroup;
			children = (
				83DC72F42F06F85200AECBE1 /* CollisionHandler.swift */,
			);
			path = Handlers;
			sourceTree = "<group>";
		};
		83DC72F92F06F92800AECBE1 /* Enemies */ = {
			isa = PBXGroup;
			children = (
				83DC72E22F04A99600AECBE1 /* EnemyType.swift */,
				83DC73012F07499600AECBE1 /* MovementStyle.swift */,
				83DC72D62F04721A00AECBE1 /* Enemy.swift */,
				83DC73032F074A8200AECBE1 /* HardEnemy.swift */,
				83DC72FA2F06F93D00AECBE1 /* EasyEnemy.swift */,
			);
			path = Enemies;
			sourceTree = "<group>";
		};
		83DC72FC2F0724EE00AECBE1 /* Debug */ = {
			isa = PBXGroup;
			children = (
				83DC72FD2F07250800AECBE1 /* DebugDrawer.swift */,
			);
			path = Debug;
			sourceTree = "<group>";
		};
		83DC73052F0820C900AECBE1 /* Cone */ = {
			isa = PBXGroup;
			children = (
				83DC72E92F05DA9700AECBE1 /* LightCone.swift */,
				83DC73062F0820E200AECBE1 /* ConeZone.swift */,
				83DC73082F0820EC00AECBE1 /* ConeZoneConfig.swift */,
			);
			path = Cone;
			sourceTree = "<group>";
		};
		83DC730C2F098DC500AECBE1 /* Movement */ = {
			isa = PBXGroup;
			children = (
				83DC730D2F098E9D00AECBE1 /* MovementManager.swift */,
			);
			path = Movement;
			sourceTree = "<group>";
		};
/* End PBXGroup section */

/* Begin PBXNativeTarget section */
		83DC72B32F0465B100AECBE1 /* LightVsDark iOS */ = {
			isa = PBXNativeTarget;
			buildConfigurationList = 83DC72C72F0465B100AECBE1 /* Build configuration list for PBXNativeTarget "LightVsDark iOS" */;
			buildPhases = (
				83DC72B02F0465B100AECBE1 /* Sources */,
				83DC72B12F0465B100AECBE1 /* Frameworks */,
				83DC72B22F0465B100AECBE1 /* Resources */,
			);
			buildRules = (
			);
			dependencies = (
			);
			name = "LightVsDark iOS";
			productName = "LightVsDark iOS";
			productReference = 83DC72B42F0465B100AECBE1 /* LightVsDark.app */;
			productType = "com.apple.product-type.application";
		};
/* End PBXNativeTarget section */

/* Begin PBXProject section */
		83DC72A72F0465AE00AECBE1 /* Project object */ = {
			isa = PBXProject;
			attributes = {
				BuildIndependentTargetsInParallel = 1;
				LastSwiftUpdateCheck = 1340;
				LastUpgradeCheck = 1340;
				TargetAttributes = {
					83DC72B32F0465B100AECBE1 = {
						CreatedOnToolsVersion = 13.4.1;
					};
				};
			};
			buildConfigurationList = 83DC72AA2F0465AE00AECBE1 /* Build configuration list for PBXProject "LightVsDark" */;
			compatibilityVersion = "Xcode 13.0";
			developmentRegion = en;
			hasScannedForEncodings = 0;
			knownRegions = (
				en,
				Base,
			);
			mainGroup = 83DC72A62F0465AE00AECBE1;
			productRefGroup = 83DC72B52F0465B100AECBE1 /* Products */;
			projectDirPath = "";
			projectRoot = "";
			targets = (
				83DC72B32F0465B100AECBE1 /* LightVsDark iOS */,
			);
		};
/* End PBXProject section */

/* Begin PBXResourcesBuildPhase section */
		83DC72B22F0465B100AECBE1 /* Resources */ = {
			isa = PBXResourcesBuildPhase;
			buildActionMask = 2147483647;
			files = (
				83DC72CF2F046EBC00AECBE1 /* Assets.xcassets in Resources */,
			);
			runOnlyForDeploymentPostprocessing = 0;
		};
/* End PBXResourcesBuildPhase section */

/* Begin PBXSourcesBuildPhase section */
		83DC72B02F0465B100AECBE1 /* Sources */ = {
			isa = PBXSourcesBuildPhase;
			buildActionMask = 2147483647;
			files = (
				83DC730E2F098E9D00AECBE1 /* MovementManager.swift in Sources */,
				83DC72D52F04720000AECBE1 /* Player.swift in Sources */,
				83DC730B2F088D1900AECBE1 /* HealthBar.swift in Sources */,
				83DC73042F074A8200AECBE1 /* HardEnemy.swift in Sources */,
				83DC72D92F04722B00AECBE1 /* SpawnManager.swift in Sources */,
				83DC72EE2F06002600AECBE1 /* PowerUpType.swift in Sources */,
				83DC72E82F05CB5E00AECBE1 /* CGVectorExtensions.swift in Sources */,
				83DC72F22F06F5D500AECBE1 /* DifficultyManager.swift in Sources */,
				83DC72D32F0471DB00AECBE1 /* GameScene.swift in Sources */,
				83DC72D72F04721A00AECBE1 /* Enemy.swift in Sources */,
				83DC73072F0820E200AECBE1 /* ConeZone.swift in Sources */,
				83DC72F02F06D60600AECBE1 /* SafeSpawnGenerator.swift in Sources */,
				83DC72EA2F05DA9700AECBE1 /* LightCone.swift in Sources */,
				83DC72E32F04A99600AECBE1 /* EnemyType.swift in Sources */,
				83DC72F72F06F85C00AECBE1 /* ScoreManager.swift in Sources */,
				83DC72BA2F0465B100AECBE1 /* GameViewController.swift in Sources */,
				83DC72F52F06F85200AECBE1 /* CollisionHandler.swift in Sources */,
				83DC72B82F0465B100AECBE1 /* AppDelegate.swift in Sources */,
				83DC73022F07499600AECBE1 /* MovementStyle.swift in Sources */,
				83DC72E62F04AF8300AECBE1 /* CGPointExtensions.swift in Sources */,
				83DC72EC2F06001100AECBE1 /* PowerUp.swift in Sources */,
				83DC73002F0745F300AECBE1 /* PowerUpManager.swift in Sources */,
				83DC72FB2F06F93D00AECBE1 /* EasyEnemy.swift in Sources */,
				83DC72DF2F04897300AECBE1 /* PhysicsCategory.swift in Sources */,
				83DC73092F0820EC00AECBE1 /* ConeZoneConfig.swift in Sources */,
				83DC72FE2F07250800AECBE1 /* DebugDrawer.swift in Sources */,
			);
			runOnlyForDeploymentPostprocessing = 0;
		};
/* End PBXSourcesBuildPhase section */

/* Begin XCBuildConfiguration section */
		83DC72C52F0465B100AECBE1 /* Debug */ = {
			isa = XCBuildConfiguration;
			buildSettings = {
				ALWAYS_SEARCH_USER_PATHS = NO;
				CLANG_ANALYZER_NONNULL = YES;
				CLANG_ANALYZER_NUMBER_OBJECT_CONVERSION = YES_AGGRESSIVE;
				CLANG_CXX_LANGUAGE_STANDARD = "gnu++17";
				CLANG_ENABLE_MODULES = YES;
				CLANG_ENABLE_OBJC_ARC = YES;
				CLANG_ENABLE_OBJC_WEAK = YES;
				CLANG_WARN_BLOCK_CAPTURE_AUTORELEASING = YES;
				CLANG_WARN_BOOL_CONVERSION = YES;
				CLANG_WARN_COMMA = YES;
				CLANG_WARN_CONSTANT_CONVERSION = YES;
				CLANG_WARN_DEPRECATED_OBJC_IMPLEMENTATIONS = YES;
				CLANG_WARN_DIRECT_OBJC_ISA_USAGE = YES_ERROR;
				CLANG_WARN_DOCUMENTATION_COMMENTS = YES;
				CLANG_WARN_EMPTY_BODY = YES;
				CLANG_WARN_ENUM_CONVERSION = YES;
				CLANG_WARN_INFINITE_RECURSION = YES;
				CLANG_WARN_INT_CONVERSION = YES;
				CLANG_WARN_NON_LITERAL_NULL_CONVERSION = YES;
				CLANG_WARN_OBJC_IMPLICIT_RETAIN_SELF = YES;
				CLANG_WARN_OBJC_LITERAL_CONVERSION = YES;
				CLANG_WARN_OBJC_ROOT_CLASS = YES_ERROR;
				CLANG_WARN_QUOTED_INCLUDE_IN_FRAMEWORK_HEADER = YES;
				CLANG_WARN_RANGE_LOOP_ANALYSIS = YES;
				CLANG_WARN_STRICT_PROTOTYPES = YES;
				CLANG_WARN_SUSPICIOUS_MOVE = YES;
				CLANG_WARN_UNGUARDED_AVAILABILITY = YES_AGGRESSIVE;
				CLANG_WARN_UNREACHABLE_CODE = YES;
				CLANG_WARN__DUPLICATE_METHOD_MATCH = YES;
				COPY_PHASE_STRIP = NO;
				DEBUG_INFORMATION_FORMAT = dwarf;
				ENABLE_STRICT_OBJC_MSGSEND = YES;
				ENABLE_TESTABILITY = YES;
				GCC_C_LANGUAGE_STANDARD = gnu11;
				GCC_DYNAMIC_NO_PIC = NO;
				GCC_NO_COMMON_BLOCKS = YES;
				GCC_OPTIMIZATION_LEVEL = 0;
				GCC_PREPROCESSOR_DEFINITIONS = (
					"DEBUG=1",
					"$(inherited)",
				);
				GCC_WARN_64_TO_32_BIT_CONVERSION = YES;
				GCC_WARN_ABOUT_RETURN_TYPE = YES_ERROR;
				GCC_WARN_UNDECLARED_SELECTOR = YES;
				GCC_WARN_UNINITIALIZED_AUTOS = YES_AGGRESSIVE;
				GCC_WARN_UNUSED_FUNCTION = YES;
				GCC_WARN_UNUSED_VARIABLE = YES;
				INFOPLIST_FILE = "";
				"INFOPLIST_FILE[sdk=*]" = "";
				MTL_ENABLE_DEBUG_INFO = INCLUDE_SOURCE;
				MTL_FAST_MATH = YES;
				ONLY_ACTIVE_ARCH = YES;
				SWIFT_ACTIVE_COMPILATION_CONDITIONS = DEBUG;
				SWIFT_OPTIMIZATION_LEVEL = "-Onone";
			};
			name = Debug;
		};
		83DC72C62F0465B100AECBE1 /* Release */ = {
			isa = XCBuildConfiguration;
			buildSettings = {
				ALWAYS_SEARCH_USER_PATHS = NO;
				CLANG_ANALYZER_NONNULL = YES;
				CLANG_ANALYZER_NUMBER_OBJECT_CONVERSION = YES_AGGRESSIVE;
				CLANG_CXX_LANGUAGE_STANDARD = "gnu++17";
				CLANG_ENABLE_MODULES = YES;
				CLANG_ENABLE_OBJC_ARC = YES;
				CLANG_ENABLE_OBJC_WEAK = YES;
				CLANG_WARN_BLOCK_CAPTURE_AUTORELEASING = YES;
				CLANG_WARN_BOOL_CONVERSION = YES;
				CLANG_WARN_COMMA = YES;
				CLANG_WARN_CONSTANT_CONVERSION = YES;
				CLANG_WARN_DEPRECATED_OBJC_IMPLEMENTATIONS = YES;
				CLANG_WARN_DIRECT_OBJC_ISA_USAGE = YES_ERROR;
				CLANG_WARN_DOCUMENTATION_COMMENTS = YES;
				CLANG_WARN_EMPTY_BODY = YES;
				CLANG_WARN_ENUM_CONVERSION = YES;
				CLANG_WARN_INFINITE_RECURSION = YES;
				CLANG_WARN_INT_CONVERSION = YES;
				CLANG_WARN_NON_LITERAL_NULL_CONVERSION = YES;
				CLANG_WARN_OBJC_IMPLICIT_RETAIN_SELF = YES;
				CLANG_WARN_OBJC_LITERAL_CONVERSION = YES;
				CLANG_WARN_OBJC_ROOT_CLASS = YES_ERROR;
				CLANG_WARN_QUOTED_INCLUDE_IN_FRAMEWORK_HEADER = YES;
				CLANG_WARN_RANGE_LOOP_ANALYSIS = YES;
				CLANG_WARN_STRICT_PROTOTYPES = YES;
				CLANG_WARN_SUSPICIOUS_MOVE = YES;
				CLANG_WARN_UNGUARDED_AVAILABILITY = YES_AGGRESSIVE;
				CLANG_WARN_UNREACHABLE_CODE = YES;
				CLANG_WARN__DUPLICATE_METHOD_MATCH = YES;
				COPY_PHASE_STRIP = NO;
				DEBUG_INFORMATION_FORMAT = "dwarf-with-dsym";
				ENABLE_NS_ASSERTIONS = NO;
				ENABLE_STRICT_OBJC_MSGSEND = YES;
				GCC_C_LANGUAGE_STANDARD = gnu11;
				GCC_NO_COMMON_BLOCKS = YES;
				GCC_WARN_64_TO_32_BIT_CONVERSION = YES;
				GCC_WARN_ABOUT_RETURN_TYPE = YES_ERROR;
				GCC_WARN_UNDECLARED_SELECTOR = YES;
				GCC_WARN_UNINITIALIZED_AUTOS = YES_AGGRESSIVE;
				GCC_WARN_UNUSED_FUNCTION = YES;
				GCC_WARN_UNUSED_VARIABLE = YES;
				INFOPLIST_FILE = "";
				MTL_ENABLE_DEBUG_INFO = NO;
				MTL_FAST_MATH = YES;
				SWIFT_COMPILATION_MODE = wholemodule;
				SWIFT_OPTIMIZATION_LEVEL = "-O";
			};
			name = Release;
		};
		83DC72C82F0465B100AECBE1 /* Debug */ = {
			isa = XCBuildConfiguration;
			buildSettings = {
				ASSETCATALOG_COMPILER_APPICON_NAME = AppIcon;
				ASSETCATALOG_COMPILER_GLOBAL_ACCENT_COLOR_NAME = AccentColor;
				CODE_SIGN_STYLE = Automatic;
				CURRENT_PROJECT_VERSION = 1;
				DEVELOPMENT_TEAM = MYX8CUD6CS;
				GENERATE_INFOPLIST_FILE = YES;
				IPHONEOS_DEPLOYMENT_TARGET = 15.5;
				LD_RUNPATH_SEARCH_PATHS = (
					"$(inherited)",
					"@executable_path/Frameworks",
				);
				MARKETING_VERSION = 1.0;
				PRODUCT_BUNDLE_IDENTIFIER = com.chrismiller.LightVsDark;
				PRODUCT_NAME = LightVsDark;
				SDKROOT = iphoneos;
				SWIFT_EMIT_LOC_STRINGS = YES;
				SWIFT_VERSION = 5.0;
				TARGETED_DEVICE_FAMILY = "1,2";
			};
			name = Debug;
		};
		83DC72C92F0465B100AECBE1 /* Release */ = {
			isa = XCBuildConfiguration;
			buildSettings = {
				ASSETCATALOG_COMPILER_APPICON_NAME = AppIcon;
				ASSETCATALOG_COMPILER_GLOBAL_ACCENT_COLOR_NAME = AccentColor;
				CODE_SIGN_STYLE = Automatic;
				CURRENT_PROJECT_VERSION = 1;
				DEVELOPMENT_TEAM = MYX8CUD6CS;
				GENERATE_INFOPLIST_FILE = YES;
				IPHONEOS_DEPLOYMENT_TARGET = 15.5;
				LD_RUNPATH_SEARCH_PATHS = (
					"$(inherited)",
					"@executable_path/Frameworks",
				);
				MARKETING_VERSION = 1.0;
				PRODUCT_BUNDLE_IDENTIFIER = com.chrismiller.LightVsDark;
				PRODUCT_NAME = LightVsDark;
				SDKROOT = iphoneos;
				SWIFT_EMIT_LOC_STRINGS = YES;
				SWIFT_VERSION = 5.0;
				TARGETED_DEVICE_FAMILY = "1,2";
				VALIDATE_PRODUCT = YES;
			};
			name = Release;
		};
/* End XCBuildConfiguration section */

/* Begin XCConfigurationList section */
		83DC72AA2F0465AE00AECBE1 /* Build configuration list for PBXProject "LightVsDark" */ = {
			isa = XCConfigurationList;
			buildConfigurations = (
				83DC72C52F0465B100AECBE1 /* Debug */,
				83DC72C62F0465B100AECBE1 /* Release */,
			);
			defaultConfigurationIsVisible = 0;
			defaultConfigurationName = Release;
		};
		83DC72C72F0465B100AECBE1 /* Build configuration list for PBXNativeTarget "LightVsDark iOS" */ = {
			isa = XCConfigurationList;
			buildConfigurations = (
				83DC72C82F0465B100AECBE1 /* Debug */,
				83DC72C92F0465B100AECBE1 /* Release */,
			);
			defaultConfigurationIsVisible = 0;
			defaultConfigurationName = Release;
		};
/* End XCConfigurationList section */
	};
	rootObject = 83DC72A72F0465AE00AECBE1 /* Project object */;
}
